// !$*UTF8*$!
{
	archiveVersion = 1;
	classes = {
	};
	objectVersion = 50;
	objects = {

/* Begin PBXBuildFile section */
		2FEBEFE624DB2F38001B5B5A /* AppDelegate.swift in Sources */ = {isa = PBXBuildFile; fileRef = 2FEBEFE524DB2F38001B5B5A /* AppDelegate.swift */; };
		2FEBEFE824DB2F38001B5B5A /* SceneDelegate.swift in Sources */ = {isa = PBXBuildFile; fileRef = 2FEBEFE724DB2F38001B5B5A /* SceneDelegate.swift */; };
		2FEBEFEA24DB2F38001B5B5A /* ViewController.swift in Sources */ = {isa = PBXBuildFile; fileRef = 2FEBEFE924DB2F38001B5B5A /* ViewController.swift */; };
		2FEBEFED24DB2F38001B5B5A /* Main.storyboard in Resources */ = {isa = PBXBuildFile; fileRef = 2FEBEFEB24DB2F38001B5B5A /* Main.storyboard */; };
		2FEBEFEF24DB2F3A001B5B5A /* Assets.xcassets in Resources */ = {isa = PBXBuildFile; fileRef = 2FEBEFEE24DB2F3A001B5B5A /* Assets.xcassets */; };
		2FEBEFF224DB2F3A001B5B5A /* LaunchScreen.storyboard in Resources */ = {isa = PBXBuildFile; fileRef = 2FEBEFF024DB2F3A001B5B5A /* LaunchScreen.storyboard */; };
		2FEBEFFD24DB2F3B001B5B5A /* Giselle_S_navigationControllerTests.swift in Sources */ = {isa = PBXBuildFile; fileRef = 2FEBEFFC24DB2F3B001B5B5A /* Giselle_S_navigationControllerTests.swift */; };
		2FEBF00824DB2F3B001B5B5A /* Giselle_S_navigationControllerUITests.swift in Sources */ = {isa = PBXBuildFile; fileRef = 2FEBF00724DB2F3B001B5B5A /* Giselle_S_navigationControllerUITests.swift */; };
		2FEBF01624DB32EA001B5B5A /* pizza.png in Resources */ = {isa = PBXBuildFile; fileRef = 2FEBF01524DB32EA001B5B5A /* pizza.png */; };
/* End PBXBuildFile section */

/* Begin PBXContainerItemProxy section */
		2FEBEFF924DB2F3B001B5B5A /* PBXContainerItemProxy */ = {
			isa = PBXContainerItemProxy;
			containerPortal = 2FEBEFDA24DB2F38001B5B5A /* Project object */;
			proxyType = 1;
			remoteGlobalIDString = 2FEBEFE124DB2F38001B5B5A;
			remoteInfo = Giselle_S_navigationController;
		};
		2FEBF00424DB2F3B001B5B5A /* PBXContainerItemProxy */ = {
			isa = PBXContainerItemProxy;
			containerPortal = 2FEBEFDA24DB2F38001B5B5A /* Project object */;
			proxyType = 1;
			remoteGlobalIDString = 2FEBEFE124DB2F38001B5B5A;
			remoteInfo = Giselle_S_navigationController;
		};
/* End PBXContainerItemProxy section */

/* Begin PBXFileReference section */
		2FEBEFE224DB2F38001B5B5A /* Giselle_S_navigationController.app */ = {isa = PBXFileReference; explicitFileType = wrapper.application; includeInIndex = 0; path = Giselle_S_navigationController.app; sourceTree = BUILT_PRODUCTS_DIR; };
		2FEBEFE524DB2F38001B5B5A /* AppDelegate.swift */ = {isa = PBXFileReference; lastKnownFileType = sourcecode.swift; path = AppDelegate.swift; sourceTree = "<group>"; };
		2FEBEFE724DB2F38001B5B5A /* SceneDelegate.swift */ = {isa = PBXFileReference; lastKnownFileType = sourcecode.swift; path = SceneDelegate.swift; sourceTree = "<group>"; };
		2FEBEFE924DB2F38001B5B5A /* ViewController.swift */ = {isa = PBXFileReference; lastKnownFileType = sourcecode.swift; path = ViewController.swift; sourceTree = "<group>"; };
		2FEBEFEC24DB2F38001B5B5A /* Base */ = {isa = PBXFileReference; lastKnownFileType = file.storyboard; name = Base; path = Base.lproj/Main.storyboard; sourceTree = "<group>"; };
		2FEBEFEE24DB2F3A001B5B5A /* Assets.xcassets */ = {isa = PBXFileReference; lastKnownFileType = folder.assetcatalog; path = Assets.xcassets; sourceTree = "<group>"; };
		2FEBEFF124DB2F3A001B5B5A /* Base */ = {isa = PBXFileReference; lastKnownFileType = file.storyboard; name = Base; path = Base.lproj/LaunchScreen.storyboard; sourceTree = "<group>"; };
		2FEBEFF324DB2F3A001B5B5A /* Info.plist */ = {isa = PBXFileReference; lastKnownFileType = text.plist.xml; path = Info.plist; sourceTree = "<group>"; };
		2FEBEFF824DB2F3B001B5B5A /* Giselle_S_navigationControllerTests.xctest */ = {isa = PBXFileReference; explicitFileType = wrapper.cfbundle; includeInIndex = 0; path = Giselle_S_navigationControllerTests.xctest; sourceTree = BUILT_PRODUCTS_DIR; };
		2FEBEFFC24DB2F3B001B5B5A /* Giselle_S_navigationControllerTests.swift */ = {isa = PBXFileReference; lastKnownFileType = sourcecode.swift; path = Giselle_S_navigationControllerTests.swift; sourceTree = "<group>"; };
		2FEBEFFE24DB2F3B001B5B5A /* Info.plist */ = {isa = PBXFileReference; lastKnownFileType = text.plist.xml; path = Info.plist; sourceTree = "<group>"; };
		2FEBF00324DB2F3B001B5B5A /* Giselle_S_navigationControllerUITests.xctest */ = {isa = PBXFileReference; explicitFileType = wrapper.cfbundle; includeInIndex = 0; path = Giselle_S_navigationControllerUITests.xctest; sourceTree = BUILT_PRODUCTS_DIR; };
		2FEBF00724DB2F3B001B5B5A /* Giselle_S_navigationControllerUITests.swift */ = {isa = PBXFileReference; lastKnownFileType = sourcecode.swift; path = Giselle_S_navigationControllerUITests.swift; sourceTree = "<group>"; };
		2FEBF00924DB2F3B001B5B5A /* Info.plist */ = {isa = PBXFileReference; lastKnownFileType = text.plist.xml; path = Info.plist; sourceTree = "<group>"; };
		2FEBF01524DB32EA001B5B5A /* pizza.png */ = {isa = PBXFileReference; lastKnownFileType = image.png; path = pizza.png; sourceTree = "<group>"; };
/* End PBXFileReference section */

/* Begin PBXFrameworksBuildPhase section */
		2FEBEFDF24DB2F38001B5B5A /* Frameworks */ = {
			isa = PBXFrameworksBuildPhase;
			buildActionMask = 2147483647;
			files = (
			);
			runOnlyForDeploymentPostprocessing = 0;
		};
		2FEBEFF524DB2F3B001B5B5A /* Frameworks */ = {
			isa = PBXFrameworksBuildPhase;
			buildActionMask = 2147483647;
			files = (
			);
			runOnlyForDeploymentPostprocessing = 0;
		};
		2FEBF00024DB2F3B001B5B5A /* Frameworks */ = {
			isa = PBXFrameworksBuildPhase;
			buildActionMask = 2147483647;
			files = (
			);
			runOnlyForDeploymentPostprocessing = 0;
		};
/* End PBXFrameworksBuildPhase section */

/* Begin PBXGroup section */
		2FEBEFD924DB2F38001B5B5A = {
			isa = PBXGroup;
			children = (
				2FEBEFE424DB2F38001B5B5A /* Giselle_S_navigationController */,
				2FEBEFFB24DB2F3B001B5B5A /* Giselle_S_navigationControllerTests */,
				2FEBF00624DB2F3B001B5B5A /* Giselle_S_navigationControllerUITests */,
				2FEBEFE324DB2F38001B5B5A /* Products */,
			);
			sourceTree = "<group>";
		};
		2FEBEFE324DB2F38001B5B5A /* Products */ = {
			isa = PBXGroup;
			children = (
				2FEBEFE224DB2F38001B5B5A /* Giselle_S_navigationController.app */,
				2FEBEFF824DB2F3B001B5B5A /* Giselle_S_navigationControllerTests.xctest */,
				2FEBF00324DB2F3B001B5B5A /* Giselle_S_navigationControllerUITests.xctest */,
			);
			name = Products;
			sourceTree = "<group>";
		};
		2FEBEFE424DB2F38001B5B5A /* Giselle_S_navigationController */ = {
			isa = PBXGroup;
			children = (
				2FEBEFE524DB2F38001B5B5A /* AppDelegate.swift */,
				2FEBF01524DB32EA001B5B5A /* pizza.png */,
				2FEBEFE724DB2F38001B5B5A /* SceneDelegate.swift */,
				2FEBEFE924DB2F38001B5B5A /* ViewController.swift */,
				2FEBEFEB24DB2F38001B5B5A /* Main.storyboard */,
				2FEBEFEE24DB2F3A001B5B5A /* Assets.xcassets */,
				2FEBEFF024DB2F3A001B5B5A /* LaunchScreen.storyboard */,
				2FEBEFF324DB2F3A001B5B5A /* Info.plist */,
			);
			path = Giselle_S_navigationController;
			sourceTree = "<group>";
		};
		2FEBEFFB24DB2F3B001B5B5A /* Giselle_S_navigationControllerTests */ = {
			isa = PBXGroup;
			children = (
				2FEBEFFC24DB2F3B001B5B5A /* Giselle_S_navigationControllerTests.swift */,
				2FEBEFFE24DB2F3B001B5B5A /* Info.plist */,
			);
			path = Giselle_S_navigationControllerTests;
			sourceTree = "<group>";
		};
		2FEBF00624DB2F3B001B5B5A /* Giselle_S_navigationControllerUITests */ = {
			isa = PBXGroup;
			children = (
				2FEBF00724DB2F3B001B5B5A /* Giselle_S_navigationControllerUITests.swift */,
				2FEBF00924DB2F3B001B5B5A /* Info.plist */,
			);
			path = Giselle_S_navigationControllerUITests;
			sourceTree = "<group>";
		};
/* End PBXGroup section */

/* Begin PBXNativeTarget section */
		2FEBEFE124DB2F38001B5B5A /* Giselle_S_navigationController */ = {
			isa = PBXNativeTarget;
			buildConfigurationList = 2FEBF00C24DB2F3B001B5B5A /* Build configuration list for PBXNativeTarget "Giselle_S_navigationController" */;
			buildPhases = (
				2FEBEFDE24DB2F38001B5B5A /* Sources */,
				2FEBEFDF24DB2F38001B5B5A /* Frameworks */,
				2FEBEFE024DB2F38001B5B5A /* Resources */,
			);
			buildRules = (
			);
			dependencies = (
			);
			name = Giselle_S_navigationController;
			productName = Giselle_S_navigationController;
			productReference = 2FEBEFE224DB2F38001B5B5A /* Giselle_S_navigationController.app */;
			productType = "com.apple.product-type.application";
		};
		2FEBEFF724DB2F3B001B5B5A /* Giselle_S_navigationControllerTests */ = {
			isa = PBXNativeTarget;
			buildConfigurationList = 2FEBF00F24DB2F3B001B5B5A /* Build configuration list for PBXNativeTarget "Giselle_S_navigationControllerTests" */;
			buildPhases = (
				2FEBEFF424DB2F3B001B5B5A /* Sources */,
				2FEBEFF524DB2F3B001B5B5A /* Frameworks */,
				2FEBEFF624DB2F3B001B5B5A /* Resources */,
			);
			buildRules = (
			);
			dependencies = (
				2FEBEFFA24DB2F3B001B5B5A /* PBXTargetDependency */,
			);
			name = Giselle_S_navigationControllerTests;
			productName = Giselle_S_navigationControllerTests;
			productReference = 2FEBEFF824DB2F3B001B5B5A /* Giselle_S_navigationControllerTests.xctest */;
			productType = "com.apple.product-type.bundle.unit-test";
		};
		2FEBF00224DB2F3B001B5B5A /* Giselle_S_navigationControllerUITests */ = {
			isa = PBXNativeTarget;
			buildConfigurationList = 2FEBF01224DB2F3B001B5B5A /* Build configuration list for PBXNativeTarget "Giselle_S_navigationControllerUITests" */;
			buildPhases = (
				2FEBEFFF24DB2F3B001B5B5A /* Sources */,
				2FEBF00024DB2F3B001B5B5A /* Frameworks */,
				2FEBF00124DB2F3B001B5B5A /* Resources */,
			);
			buildRules = (
			);
			dependencies = (
				2FEBF00524DB2F3B001B5B5A /* PBXTargetDependency */,
			);
			name = Giselle_S_navigationControllerUITests;
			productName = Giselle_S_navigationControllerUITests;
			productReference = 2FEBF00324DB2F3B001B5B5A /* Giselle_S_navigationControllerUITests.xctest */;
			productType = "com.apple.product-type.bundle.ui-testing";
		};
/* End PBXNativeTarget section */

/* Begin PBXProject section */
		2FEBEFDA24DB2F38001B5B5A /* Project object */ = {
			isa = PBXProject;
			attributes = {
				LastSwiftUpdateCheck = 1130;
				LastUpgradeCheck = 1130;
				ORGANIZATIONNAME = "Giselle Salgado";
				TargetAttributes = {
					2FEBEFE124DB2F38001B5B5A = {
						CreatedOnToolsVersion = 11.3.1;
					};
					2FEBEFF724DB2F3B001B5B5A = {
						CreatedOnToolsVersion = 11.3.1;
						TestTargetID = 2FEBEFE124DB2F38001B5B5A;
					};
					2FEBF00224DB2F3B001B5B5A = {
						CreatedOnToolsVersion = 11.3.1;
						TestTargetID = 2FEBEFE124DB2F38001B5B5A;
					};
				};
			};
			buildConfigurationList = 2FEBEFDD24DB2F38001B5B5A /* Build configuration list for PBXProject "Giselle_S_navigationController" */;
			compatibilityVersion = "Xcode 9.3";
			developmentRegion = en;
			hasScannedForEncodings = 0;
			knownRegions = (
				en,
				Base,
			);
			mainGroup = 2FEBEFD924DB2F38001B5B5A;
			productRefGroup = 2FEBEFE324DB2F38001B5B5A /* Products */;
			projectDirPath = "";
			projectRoot = "";
			targets = (
				2FEBEFE124DB2F38001B5B5A /* Giselle_S_navigationController */,
				2FEBEFF724DB2F3B001B5B5A /* Giselle_S_navigationControllerTests */,
				2FEBF00224DB2F3B001B5B5A /* Giselle_S_navigationControllerUITests */,
			);
		};
/* End PBXProject section */

/* Begin PBXResourcesBuildPhase section */
		2FEBEFE024DB2F38001B5B5A /* Resources */ = {
			isa = PBXResourcesBuildPhase;
			buildActionMask = 2147483647;
			files = (
				2FEBEFF224DB2F3A001B5B5A /* LaunchScreen.storyboard in Resources */,
				2FEBEFEF24DB2F3A001B5B5A /* Assets.xcassets in Resources */,
				2FEBF01624DB32EA001B5B5A /* pizza.png in Resources */,
				2FEBEFED24DB2F38001B5B5A /* Main.storyboard in Resources */,
			);
			runOnlyForDeploymentPostprocessing = 0;
		};
		2FEBEFF624DB2F3B001B5B5A /* Resources */ = {
			isa = PBXResourcesBuildPhase;
			buildActionMask = 2147483647;
			files = (
			);
			runOnlyForDeploymentPostprocessing = 0;
		};
		2FEBF00124DB2F3B001B5B5A /* Resources */ = {
			isa = PBXResourcesBuildPhase;
			buildActionMask = 2147483647;
			files = (
			);
			runOnlyForDeploymentPostprocessing = 0;
		};
/* End PBXResourcesBuildPhase section */

/* Begin PBXSourcesBuildPhase section */
		2FEBEFDE24DB2F38001B5B5A /* Sources */ = {
			isa = PBXSourcesBuildPhase;
			buildActionMask = 2147483647;
			files = (
				2FEBEFEA24DB2F38001B5B5A /* ViewController.swift in Sources */,
				2FEBEFE624DB2F38001B5B5A /* AppDelegate.swift in Sources */,
				2FEBEFE824DB2F38001B5B5A /* SceneDelegate.swift in Sources */,
			);
			runOnlyForDeploymentPostprocessing = 0;
		};
		2FEBEFF424DB2F3B001B5B5A /* Sources */ = {
			isa = PBXSourcesBuildPhase;
			buildActionMask = 2147483647;
			files = (
				2FEBEFFD24DB2F3B001B5B5A /* Giselle_S_navigationControllerTests.swift in Sources */,
			);
			runOnlyForDeploymentPostprocessing = 0;
		};
		2FEBEFFF24DB2F3B001B5B5A /* Sources */ = {
			isa = PBXSourcesBuildPhase;
			buildActionMask = 2147483647;
			files = (
				2FEBF00824DB2F3B001B5B5A /* Giselle_S_navigationControllerUITests.swift in Sources */,
			);
			runOnlyForDeploymentPostprocessing = 0;
		};
/* End PBXSourcesBuildPhase section */

/* Begin PBXTargetDependency section */
		2FEBEFFA24DB2F3B001B5B5A /* PBXTargetDependency */ = {
			isa = PBXTargetDependency;
			target = 2FEBEFE124DB2F38001B5B5A /* Giselle_S_navigationController */;
			targetProxy = 2FEBEFF924DB2F3B001B5B5A /* PBXContainerItemProxy */;
		};
		2FEBF00524DB2F3B001B5B5A /* PBXTargetDependency */ = {
			isa = PBXTargetDependency;
			target = 2FEBEFE124DB2F38001B5B5A /* Giselle_S_navigationController */;
			targetProxy = 2FEBF00424DB2F3B001B5B5A /* PBXContainerItemProxy */;
		};
/* End PBXTargetDependency section */

/* Begin PBXVariantGroup section */
		2FEBEFEB24DB2F38001B5B5A /* Main.storyboard */ = {
			isa = PBXVariantGroup;
			children = (
				2FEBEFEC24DB2F38001B5B5A /* Base */,
			);
			name = Main.storyboard;
			sourceTree = "<group>";
		};
		2FEBEFF024DB2F3A001B5B5A /* LaunchScreen.storyboard */ = {
			isa = PBXVariantGroup;
			children = (
				2FEBEFF124DB2F3A001B5B5A /* Base */,
			);
			name = LaunchScreen.storyboard;
			sourceTree = "<group>";
		};
/* End PBXVariantGroup section */

/* Begin XCBuildConfiguration section */
		2FEBF00A24DB2F3B001B5B5A /* Debug */ = {
			isa = XCBuildConfiguration;
			buildSettings = {
				ALWAYS_SEARCH_USER_PATHS = NO;
				CLANG_ANALYZER_NONNULL = YES;
				CLANG_ANALYZER_NUMBER_OBJECT_CONVERSION = YES_AGGRESSIVE;
				CLANG_CXX_LANGUAGE_STANDARD = "gnu++14";
				CLANG_CXX_LIBRARY = "libc++";
				CLANG_ENABLE_MODULES = YES;
				CLANG_ENABLE_OBJC_ARC = YES;
				CLANG_ENABLE_OBJC_WEAK = YES;
				CLANG_WARN_BLOCK_CAPTURE_AUTORELEASING = YES;
				CLANG_WARN_BOOL_CONVERSION = YES;
				CLANG_WARN_COMMA = YES;
				CLANG_WARN_CONSTANT_CONVERSION = YES;
				CLANG_WARN_DEPRECATED_OBJC_IMPLEMENTATIONS = YES;
				CLANG_WARN_DIRECT_OBJC_ISA_USAGE = YES_ERROR;
				CLANG_WARN_DOCUMENTATION_COMMENTS = YES;
				CLANG_WARN_EMPTY_BODY = YES;
				CLANG_WARN_ENUM_CONVERSION = YES;
				CLANG_WARN_INFINITE_RECURSION = YES;
				CLANG_WARN_INT_CONVERSION = YES;
				CLANG_WARN_NON_LITERAL_NULL_CONVERSION = YES;
				CLANG_WARN_OBJC_IMPLICIT_RETAIN_SELF = YES;
				CLANG_WARN_OBJC_LITERAL_CONVERSION = YES;
				CLANG_WARN_OBJC_ROOT_CLASS = YES_ERROR;
				CLANG_WARN_RANGE_LOOP_ANALYSIS = YES;
				CLANG_WARN_STRICT_PROTOTYPES = YES;
				CLANG_WARN_SUSPICIOUS_MOVE = YES;
				CLANG_WARN_UNGUARDED_AVAILABILITY = YES_AGGRESSIVE;
				CLANG_WARN_UNREACHABLE_CODE = YES;
				CLANG_WARN__DUPLICATE_METHOD_MATCH = YES;
				COPY_PHASE_STRIP = NO;
				DEBUG_INFORMATION_FORMAT = dwarf;
				ENABLE_STRICT_OBJC_MSGSEND = YES;
				ENABLE_TESTABILITY = YES;
				GCC_C_LANGUAGE_STANDARD = gnu11;
				GCC_DYNAMIC_NO_PIC = NO;
				GCC_NO_COMMON_BLOCKS = YES;
				GCC_OPTIMIZATION_LEVEL = 0;
				GCC_PREPROCESSOR_DEFINITIONS = (
					"DEBUG=1",
					"$(inherited)",
				);
				GCC_WARN_64_TO_32_BIT_CONVERSION = YES;
				GCC_WARN_ABOUT_RETURN_TYPE = YES_ERROR;
				GCC_WARN_UNDECLARED_SELECTOR = YES;
				GCC_WARN_UNINITIALIZED_AUTOS = YES_AGGRESSIVE;
				GCC_WARN_UNUSED_FUNCTION = YES;
				GCC_WARN_UNUSED_VARIABLE = YES;
				IPHONEOS_DEPLOYMENT_TARGET = 13.2;
				MTL_ENABLE_DEBUG_INFO = INCLUDE_SOURCE;
				MTL_FAST_MATH = YES;
				ONLY_ACTIVE_ARCH = YES;
				SDKROOT = iphoneos;
				SWIFT_ACTIVE_COMPILATION_CONDITIONS = DEBUG;
				SWIFT_OPTIMIZATION_LEVEL = "-Onone";
			};
			name = Debug;
		};
		2FEBF00B24DB2F3B001B5B5A /* Release */ = {
			isa = XCBuildConfiguration;
			buildSettings = {
				ALWAYS_SEARCH_USER_PATHS = NO;
				CLANG_ANALYZER_NONNULL = YES;
				CLANG_ANALYZER_NUMBER_OBJECT_CONVERSION = YES_AGGRESSIVE;
				CLANG_CXX_LANGUAGE_STANDARD = "gnu++14";
				CLANG_CXX_LIBRARY = "libc++";
				CLANG_ENABLE_MODULES = YES;
				CLANG_ENABLE_OBJC_ARC = YES;
				CLANG_ENABLE_OBJC_WEAK = YES;
				CLANG_WARN_BLOCK_CAPTURE_AUTORELEASING = YES;
				CLANG_WARN_BOOL_CONVERSION = YES;
				CLANG_WARN_COMMA = YES;
				CLANG_WARN_CONSTANT_CONVERSION = YES;
				CLANG_WARN_DEPRECATED_OBJC_IMPLEMENTATIONS = YES;
				CLANG_WARN_DIRECT_OBJC_ISA_USAGE = YES_ERROR;
				CLANG_WARN_DOCUMENTATION_COMMENTS = YES;
				CLANG_WARN_EMPTY_BODY = YES;
				CLANG_WARN_ENUM_CONVERSION = YES;
				CLANG_WARN_INFINITE_RECURSION = YES;
				CLANG_WARN_INT_CONVERSION = YES;
				CLANG_WARN_NON_LITERAL_NULL_CONVERSION = YES;
				CLANG_WARN_OBJC_IMPLICIT_RETAIN_SELF = YES;
				CLANG_WARN_OBJC_LITERAL_CONVERSION = YES;
				CLANG_WARN_OBJC_ROOT_CLASS = YES_ERROR;
				CLANG_WARN_RANGE_LOOP_ANALYSIS = YES;
				CLANG_WARN_STRICT_PROTOTYPES = YES;
				CLANG_WARN_SUSPICIOUS_MOVE = YES;
				CLANG_WARN_UNGUARDED_AVAILABILITY = YES_AGGRESSIVE;
				CLANG_WARN_UNREACHABLE_CODE = YES;
				CLANG_WARN__DUPLICATE_METHOD_MATCH = YES;
				COPY_PHASE_STRIP = NO;
				DEBUG_INFORMATION_FORMAT = "dwarf-with-dsym";
				ENABLE_NS_ASSERTIONS = NO;
				ENABLE_STRICT_OBJC_MSGSEND = YES;
				GCC_C_LANGUAGE_STANDARD = gnu11;
				GCC_NO_COMMON_BLOCKS = YES;
				GCC_WARN_64_TO_32_BIT_CONVERSION = YES;
				GCC_WARN_ABOUT_RETURN_TYPE = YES_ERROR;
				GCC_WARN_UNDECLARED_SELECTOR = YES;
				GCC_WARN_UNINITIALIZED_AUTOS = YES_AGGRESSIVE;
				GCC_WARN_UNUSED_FUNCTION = YES;
				GCC_WARN_UNUSED_VARIABLE = YES;
				IPHONEOS_DEPLOYMENT_TARGET = 13.2;
				MTL_ENABLE_DEBUG_INFO = NO;
				MTL_FAST_MATH = YES;
				SDKROOT = iphoneos;
				SWIFT_COMPILATION_MODE = wholemodule;
				SWIFT_OPTIMIZATION_LEVEL = "-O";
				VALIDATE_PRODUCT = YES;
			};
			name = Release;
		};
		2FEBF00D24DB2F3B001B5B5A /* Debug */ = {
			isa = XCBuildConfiguration;
			buildSettings = {
				ASSETCATALOG_COMPILER_APPICON_NAME = AppIcon;
				CODE_SIGN_STYLE = Automatic;
				INFOPLIST_FILE = Giselle_S_navigationController/Info.plist;
				LD_RUNPATH_SEARCH_PATHS = (
					"$(inherited)",
					"@executable_path/Frameworks",
				);
				PRODUCT_BUNDLE_IDENTIFIER = "com.GenesysWorks.Giselle-S-navigationController";
				PRODUCT_NAME = "$(TARGET_NAME)";
				SWIFT_VERSION = 5.0;
				TARGETED_DEVICE_FAMILY = "1,2";
			};
			name = Debug;
		};
		2FEBF00E24DB2F3B001B5B5A /* Release */ = {
			isa = XCBuildConfiguration;
			buildSettings = {
				ASSETCATALOG_COMPILER_APPICON_NAME = AppIcon;
				CODE_SIGN_STYLE = Automatic;
				INFOPLIST_FILE = Giselle_S_navigationController/Info.plist;
				LD_RUNPATH_SEARCH_PATHS = (
					"$(inherited)",
					"@executable_path/Frameworks",
				);
				PRODUCT_BUNDLE_IDENTIFIER = "com.GenesysWorks.Giselle-S-navigationController";
				PRODUCT_NAME = "$(TARGET_NAME)";
				SWIFT_VERSION = 5.0;
				TARGETED_DEVICE_FAMILY = "1,2";
			};
			name = Release;
		};
		2FEBF01024DB2F3B001B5B5A /* Debug */ = {
			isa = XCBuildConfiguration;
			buildSettings = {
				ALWAYS_EMBED_SWIFT_STANDARD_LIBRARIES = YES;
				BUNDLE_LOADER = "$(TEST_HOST)";
				CODE_SIGN_STYLE = Automatic;
				INFOPLIST_FILE = Giselle_S_navigationControllerTests/Info.plist;
				IPHONEOS_DEPLOYMENT_TARGET = 13.2;
				LD_RUNPATH_SEARCH_PATHS = (
					"$(inherited)",
					"@executable_path/Frameworks",
					"@loader_path/Frameworks",
				);
				PRODUCT_BUNDLE_IDENTIFIER = "com.GenesysWorks.Giselle-S-navigationControllerTests";
				PRODUCT_NAME = "$(TARGET_NAME)";
				SWIFT_VERSION = 5.0;
				TARGETED_DEVICE_FAMILY = "1,2";
				TEST_HOST = "$(BUILT_PRODUCTS_DIR)/Giselle_S_navigationController.app/Giselle_S_navigationController";
			};
			name = Debug;
		};
		2FEBF01124DB2F3B001B5B5A /* Release */ = {
			isa = XCBuildConfiguration;
			buildSettings = {
				ALWAYS_EMBED_SWIFT_STANDARD_LIBRARIES = YES;
				BUNDLE_LOADER = "$(TEST_HOST)";
				CODE_SIGN_STYLE = Automatic;
				INFOPLIST_FILE = Giselle_S_navigationControllerTests/Info.plist;
				IPHONEOS_DEPLOYMENT_TARGET = 13.2;
				LD_RUNPATH_SEARCH_PATHS = (
					"$(inherited)",
					"@executable_path/Frameworks",
					"@loader_path/Frameworks",
				);
				PRODUCT_BUNDLE_IDENTIFIER = "com.GenesysWorks.Giselle-S-navigationControllerTests";
				PRODUCT_NAME = "$(TARGET_NAME)";
				SWIFT_VERSION = 5.0;
				TARGETED_DEVICE_FAMILY = "1,2";
				TEST_HOST = "$(BUILT_PRODUCTS_DIR)/Giselle_S_navigationController.app/Giselle_S_navigationController";
			};
			name = Release;
		};
		2FEBF01324DB2F3B001B5B5A /* Debug */ = {
			isa = XCBuildConfiguration;
			buildSettings = {
				ALWAYS_EMBED_SWIFT_STANDARD_LIBRARIES = YES;
				CODE_SIGN_STYLE = Automatic;
				INFOPLIST_FILE = Giselle_S_navigationControllerUITests/Info.plist;
				LD_RUNPATH_SEARCH_PATHS = (
					"$(inherited)",
					"@executable_path/Frameworks",
					"@loader_path/Frameworks",
				);
				PRODUCT_BUNDLE_IDENTIFIER = "com.GenesysWorks.Giselle-S-navigationControllerUITests";
				PRODUCT_NAME = "$(TARGET_NAME)";
				SWIFT_VERSION = 5.0;
				TARGETED_DEVICE_FAMILY = "1,2";
				TEST_TARGET_NAME = Giselle_S_navigationController;
			};
			name = Debug;
		};
		2FEBF01424DB2F3B001B5B5A /* Release */ = {
			isa = XCBuildConfiguration;
			buildSettings = {
				ALWAYS_EMBED_SWIFT_STANDARD_LIBRARIES = YES;
				CODE_SIGN_STYLE = Automatic;
				INFOPLIST_FILE = Giselle_S_navigationControllerUITests/Info.plist;
				LD_RUNPATH_SEARCH_PATHS = (
					"$(inherited)",
					"@executable_path/Frameworks",
					"@loader_path/Frameworks",
				);
				PRODUCT_BUNDLE_IDENTIFIER = "com.GenesysWorks.Giselle-S-navigationControllerUITests";
				PRODUCT_NAME = "$(TARGET_NAME)";
				SWIFT_VERSION = 5.0;
				TARGETED_DEVICE_FAMILY = "1,2";
				TEST_TARGET_NAME = Giselle_S_navigationController;
			};
			name = Release;
		};
/* End XCBuildConfiguration section */

/* Begin XCConfigurationList section */
		2FEBEFDD24DB2F38001B5B5A /* Build configuration list for PBXProject "Giselle_S_navigationController" */ = {
			isa = XCConfigurationList;
			buildConfigurations = (
				2FEBF00A24DB2F3B001B5B5A /* Debug */,
				2FEBF00B24DB2F3B001B5B5A /* Release */,
			);
			defaultConfigurationIsVisible = 0;
			defaultConfigurationName = Release;
		};
		2FEBF00C24DB2F3B001B5B5A /* Build configuration list for PBXNativeTarget "Giselle_S_navigationController" */ = {
			isa = XCConfigurationList;
			buildConfigurations = (
				2FEBF00D24DB2F3B001B5B5A /* Debug */,
				2FEBF00E24DB2F3B001B5B5A /* Release */,
			);
			defaultConfigurationIsVisible = 0;
			defaultConfigurationName = Release;
		};
		2FEBF00F24DB2F3B001B5B5A /* Build configuration list for PBXNativeTarget "Giselle_S_navigationControllerTests" */ = {
			isa = XCConfigurationList;
			buildConfigurations = (
				2FEBF01024DB2F3B001B5B5A /* Debug */,
				2FEBF01124DB2F3B001B5B5A /* Release */,
			);
			defaultConfigurationIsVisible = 0;
			defaultConfigurationName = Release;
		};
		2FEBF01224DB2F3B001B5B5A /* Build configuration list for PBXNativeTarget "Giselle_S_navigationControllerUITests" */ = {
			isa = XCConfigurationList;
			buildConfigurations = (
				2FEBF01324DB2F3B001B5B5A /* Debug */,
				2FEBF01424DB2F3B001B5B5A /* Release */,
			);
			defaultConfigurationIsVisible = 0;
			defaultConfigurationName = Release;
		};
/* End XCConfigurationList section */
	};
	rootObject = 2FEBEFDA24DB2F38001B5B5A /* Project object */;
}
